
Microsoft Visual Studio Solution File, Format Version 12.00
# Visual Studio Version 17
VisualStudioVersion = 17.4.33110.190
MinimumVisualStudioVersion = 10.0.40219.1
Project("{8BC9CEB8-8B4A-11D0-8D11-00A0C91BC942}") = "ConsoleApplication1", "ConsoleApplication1\ConsoleApplication1.vcxproj", "{A899A795-5460-4008-B781-E4EC79B4D775}"
EndProject
Global
	GlobalSection(SolutionConfigurationPlatforms) = preSolution
		Debug|x64 = Debug|x64
		Debug|x86 = Debug|x86
		Release|x64 = Release|x64
		Release|x86 = Release|x86
	EndGlobalSection
	GlobalSection(ProjectConfigurationPlatforms) = postSolution
		{A899A795-5460-4008-B781-E4EC79B4D775}.Debug|x64.ActiveCfg = Debug|x64
		{A899A795-5460-4008-B781-E4EC79B4D775}.Debug|x64.Build.0 = Debug|x64
		{A899A795-5460-4008-B781-E4EC79B4D775}.Debug|x86.ActiveCfg = Debug|Win32
		{A899A795-5460-4008-B781-E4EC79B4D775}.Debug|x86.Build.0 = Debug|Win32
		{A899A795-5460-4008-B781-E4EC79B4D775}.Release|x64.ActiveCfg = Release|x64
		{A899A795-5460-4008-B781-E4EC79B4D775}.Release|x64.Build.0 = Release|x64
		{A899A795-5460-4008-B781-E4EC79B4D775}.Release|x86.ActiveCfg = Release|Win32
		{A899A795-5460-4008-B781-E4EC79B4D775}.Release|x86.Build.0 = Release|Win32
	EndGlobalSection
	GlobalSection(SolutionProperties) = preSolution
		HideSolutionNode = FALSE
	EndGlobalSection
	GlobalSection(ExtensibilityGlobals) = postSolution
		SolutionGuid = {1F09FFDD-EDDA-43E8-ABBE-E2318DF86E46}
	EndGlobalSection
EndGlobal
